{
  "name": "@weh/matter",
  "version": "1.0.5",
  "lockfileVersion": 1,
  "requires": true,
  "dependencies": {
    "@weh/weh": {
      "version": "4.0.0",
      "resolved": "https://registry.npmjs.org/@weh/weh/-/weh-4.0.0.tgz",
      "integrity": "sha512-OzcaQ9sy8HfFaQJRAC0TRQX6HLSqJpL6Ra+YIG/BIpf2ush0vWLEAYhh1zXfF9y1BNmcTw7ZbnsahNVQFNfJNw==",
      "dev": true,
      "requires": {
        "debug": "3.0.1",
        "deepmerge": "1.5.1",
        "is-text-path": "1.0.1",
        "mkdirp": "0.5.1",
        "to-vfile": "2.1.2",
        "trough": "1.0.1",
        "walk": "2.3.9"
      }
    },
    "argparse": {
      "version": "1.0.9",
      "resolved": "https://registry.npmjs.org/argparse/-/argparse-1.0.9.tgz",
      "integrity": "sha1-c9g7wmP4bpf4zE9rrhsOkKfSLIY=",
      "requires": {
        "sprintf-js": "1.0.3"
      }
    },
    "debug": {
      "version": "3.0.1",
      "resolved": "https://registry.npmjs.org/debug/-/debug-3.0.1.tgz",
      "integrity": "sha512-6nVc6S36qbt/mutyt+UGMnawAMrPDZUPQjRZI3FS9tCtDRhvxJbK79unYBLPi+z5SLXQ3ftoVBFCblQtNSls8w==",
      "dev": true,
      "requires": {
        "ms": "2.0.0"
      }
    },
    "deepmerge": {
      "version": "1.5.1",
      "resolved": "https://registry.npmjs.org/deepmerge/-/deepmerge-1.5.1.tgz",
      "integrity": "sha512-Ndl8eeOHB9dQkmT1HWCgY3t0odl4bmWKFzjQZBYAxVTNs2B3nn5b6orimRYHKZ4FI8psvZkA1INRCW6l7vc9lQ==",
      "dev": true
    },
    "esprima": {
      "version": "4.0.0",
      "resolved": "https://registry.npmjs.org/esprima/-/esprima-4.0.0.tgz",
      "integrity": "sha512-oftTcaMu/EGrEIu904mWteKIv8vMuOgGYo7EhVJJN00R/EED9DCua/xxHRdYnKtcECzVg7xOWhflvJMnqcFZjw=="
    },
    "foreachasync": {
      "version": "3.0.0",
      "resolved": "https://registry.npmjs.org/foreachasync/-/foreachasync-3.0.0.tgz",
      "integrity": "sha1-VQKYfchxS+M5IJfzLgBxyd7gfPY=",
      "dev": true
    },
    "gray-matter": {
      "version": "3.0.6",
      "resolved": "https://registry.npmjs.org/gray-matter/-/gray-matter-3.0.6.tgz",
      "integrity": "sha512-DuCbAa6mSmUYQfTmD7qhPQSYk0//4cW3D+ZWUDAEDnktgEBlk7iHLbAukPA2Ehau1+OJ7QcTO6LN4urMExlqeQ==",
      "requires": {
        "js-yaml": "3.10.0",
        "kind-of": "5.0.2",
        "strip-bom-string": "1.0.0"
      },
      "dependencies": {
        "kind-of": {
          "version": "5.0.2",
          "resolved": "https://registry.npmjs.org/kind-of/-/kind-of-5.0.2.tgz",
          "integrity": "sha512-ru8+TQHbN8956c7ZlkgK5Imjx0GMat3jN45GNIthpPeb+SzLrqSg/NG7llQtIqUTbrdu5Oi0lSnIoJmDTwwSzw=="
        }
      }
    },
    "is-buffer": {
      "version": "1.1.5",
      "resolved": "https://registry.npmjs.org/is-buffer/-/is-buffer-1.1.5.tgz",
      "integrity": "sha1-Hzsm72E7IUuIy8ojzGwB2Hlh7sw=",
      "dev": true
    },
    "is-empty-object": {
      "version": "1.1.1",
      "resolved": "https://registry.npmjs.org/is-empty-object/-/is-empty-object-1.1.1.tgz",
      "integrity": "sha1-htXU1cUinOox7Cdy9Si/XvxRnyM="
    },
    "is-text-path": {
      "version": "1.0.1",
      "resolved": "https://registry.npmjs.org/is-text-path/-/is-text-path-1.0.1.tgz",
      "integrity": "sha1-Thqg+1G/vLPpJogAE5cgLBd1tm4=",
      "dev": true,
      "requires": {
        "text-extensions": "1.6.0"
      }
    },
    "js-yaml": {
      "version": "3.10.0",
      "resolved": "https://registry.npmjs.org/js-yaml/-/js-yaml-3.10.0.tgz",
      "integrity": "sha512-O2v52ffjLa9VeM43J4XocZE//WT9N0IiwDa3KSHH7Tu8CtH+1qM8SIZvnsTh6v+4yFy5KUY3BHUVwjpfAWsjIA==",
      "requires": {
        "argparse": "1.0.9",
        "esprima": "4.0.0"
      }
    },
    "minimist": {
      "version": "0.0.8",
      "resolved": "https://registry.npmjs.org/minimist/-/minimist-0.0.8.tgz",
      "integrity": "sha1-hX/Kv8M5fSYluCKCYuhqp6ARsF0=",
      "dev": true
    },
    "mkdirp": {
      "version": "0.5.1",
      "resolved": "https://registry.npmjs.org/mkdirp/-/mkdirp-0.5.1.tgz",
      "integrity": "sha1-MAV0OOrGz3+MR2fzhkjWaX11yQM=",
      "dev": true,
      "requires": {
        "minimist": "0.0.8"
      }
    },
    "ms": {
      "version": "2.0.0",
      "resolved": "https://registry.npmjs.org/ms/-/ms-2.0.0.tgz",
      "integrity": "sha1-VgiurfwAvmwpAd9fmGF4jeDVl8g=",
      "dev": true
    },
    "replace-ext": {
      "version": "1.0.0",
      "resolved": "https://registry.npmjs.org/replace-ext/-/replace-ext-1.0.0.tgz",
      "integrity": "sha1-3mMSg3P8v3w8z6TeWkgMRaZ5WOs=",
      "dev": true
    },
    "sprintf-js": {
      "version": "1.0.3",
      "resolved": "https://registry.npmjs.org/sprintf-js/-/sprintf-js-1.0.3.tgz",
      "integrity": "sha1-BOaSb2YolTVPPdAVIDYzuFcpfiw="
    },
    "strip-bom-string": {
      "version": "1.0.0",
      "resolved": "https://registry.npmjs.org/strip-bom-string/-/strip-bom-string-1.0.0.tgz",
      "integrity": "sha1-5SEekiQ2n7uB1jOi8ABE3IztrZI="
    },
    "text-extensions": {
      "version": "1.6.0",
      "resolved": "https://registry.npmjs.org/text-extensions/-/text-extensions-1.6.0.tgz",
      "integrity": "sha512-U2M04F2rbuYYCNioiTD14cImLTae4ys1rC57tllzKg3dt5DPR2JXs5yFdC017yOBrW6wM6s5gtAlFJ7yye04rA==",
      "dev": true
    },
    "to-vfile": {
      "version": "2.1.2",
      "resolved": "https://registry.npmjs.org/to-vfile/-/to-vfile-2.1.2.tgz",
      "integrity": "sha512-o8o2CXU2LDxh4OsvG9bGRXkIhcvk+bWKqWQECLcjfMNy2b8rl4kuFAZeTcPM5obK1mrvQ4iS3AcdopFDluq1jQ==",
      "dev": true,
      "requires": {
        "is-buffer": "1.1.5",
        "vfile": "2.2.0"
      }
    },
    "trough": {
      "version": "1.0.1",
      "resolved": "https://registry.npmjs.org/trough/-/trough-1.0.1.tgz",
      "integrity": "sha1-qf2LA5Swro//guBjOgo2zK1bX4Y=",
      "dev": true
    },
    "unist-util-stringify-position": {
      "version": "1.1.1",
      "resolved": "https://registry.npmjs.org/unist-util-stringify-position/-/unist-util-stringify-position-1.1.1.tgz",
      "integrity": "sha1-PMvcU2ee7W7PN3fdf14yKcG2qjw=",
      "dev": true
    },
    "vfile": {
      "version": "2.2.0",
      "resolved": "https://registry.npmjs.org/vfile/-/vfile-2.2.0.tgz",
      "integrity": "sha1-zkek+zNZIrIz5TXbD32BIdj87U4=",
      "dev": true,
      "requires": {
        "is-buffer": "1.1.5",
        "replace-ext": "1.0.0",
        "unist-util-stringify-position": "1.1.1"
      }
    },
    "walk": {
      "version": "2.3.9",
      "resolved": "https://registry.npmjs.org/walk/-/walk-2.3.9.tgz",
      "integrity": "sha1-MbTbZnjyrgHDnqn7hyWpAx5Vins=",
      "dev": true,
      "requires": {
        "foreachasync": "3.0.0"
      }
    }
  }
}
