{
  "requires": true,
  "lockfileVersion": 1,
  "dependencies": {
    "@weh/weh": {
      "version": "4.0.0",
      "resolved": "https://registry.npmjs.org/@weh/weh/-/weh-4.0.0.tgz",
      "integrity": "sha512-OzcaQ9sy8HfFaQJRAC0TRQX6HLSqJpL6Ra+YIG/BIpf2ush0vWLEAYhh1zXfF9y1BNmcTw7ZbnsahNVQFNfJNw==",
      "requires": {
        "debug": "3.0.1",
        "deepmerge": "1.5.1",
        "is-text-path": "1.0.1",
        "mkdirp": "0.5.1",
        "to-vfile": "2.1.2",
        "trough": "1.0.1",
        "walk": "2.3.9"
      }
    },
    "debug": {
      "version": "3.0.1",
      "resolved": "https://registry.npmjs.org/debug/-/debug-3.0.1.tgz",
      "integrity": "sha512-6nVc6S36qbt/mutyt+UGMnawAMrPDZUPQjRZI3FS9tCtDRhvxJbK79unYBLPi+z5SLXQ3ftoVBFCblQtNSls8w==",
      "requires": {
        "ms": "2.0.0"
      }
    },
    "deepmerge": {
      "version": "1.5.1",
      "resolved": "https://registry.npmjs.org/deepmerge/-/deepmerge-1.5.1.tgz",
      "integrity": "sha512-Ndl8eeOHB9dQkmT1HWCgY3t0odl4bmWKFzjQZBYAxVTNs2B3nn5b6orimRYHKZ4FI8psvZkA1INRCW6l7vc9lQ=="
    },
    "foreachasync": {
      "version": "3.0.0",
      "resolved": "https://registry.npmjs.org/foreachasync/-/foreachasync-3.0.0.tgz",
      "integrity": "sha1-VQKYfchxS+M5IJfzLgBxyd7gfPY="
    },
    "is-buffer": {
      "version": "1.1.5",
      "resolved": "https://registry.npmjs.org/is-buffer/-/is-buffer-1.1.5.tgz",
      "integrity": "sha1-Hzsm72E7IUuIy8ojzGwB2Hlh7sw="
    },
    "is-text-path": {
      "version": "1.0.1",
      "resolved": "https://registry.npmjs.org/is-text-path/-/is-text-path-1.0.1.tgz",
      "integrity": "sha1-Thqg+1G/vLPpJogAE5cgLBd1tm4=",
      "requires": {
        "text-extensions": "1.7.0"
      }
    },
    "minimist": {
      "version": "0.0.8",
      "resolved": "https://registry.npmjs.org/minimist/-/minimist-0.0.8.tgz",
      "integrity": "sha1-hX/Kv8M5fSYluCKCYuhqp6ARsF0="
    },
    "mkdirp": {
      "version": "0.5.1",
      "resolved": "https://registry.npmjs.org/mkdirp/-/mkdirp-0.5.1.tgz",
      "integrity": "sha1-MAV0OOrGz3+MR2fzhkjWaX11yQM=",
      "requires": {
        "minimist": "0.0.8"
      }
    },
    "ms": {
      "version": "2.0.0",
      "resolved": "https://registry.npmjs.org/ms/-/ms-2.0.0.tgz",
      "integrity": "sha1-VgiurfwAvmwpAd9fmGF4jeDVl8g="
    },
    "replace-ext": {
      "version": "1.0.0",
      "resolved": "https://registry.npmjs.org/replace-ext/-/replace-ext-1.0.0.tgz",
      "integrity": "sha1-3mMSg3P8v3w8z6TeWkgMRaZ5WOs="
    },
    "text-extensions": {
      "version": "1.7.0",
      "resolved": "https://registry.npmjs.org/text-extensions/-/text-extensions-1.7.0.tgz",
      "integrity": "sha512-AKXZeDq230UaSzaO5s3qQUZOaC7iKbzq0jOFL614R7d9R593HLqAOL0cYoqLdkNrjBSOdmoQI06yigq1TSBXAg=="
    },
    "to-vfile": {
      "version": "2.1.2",
      "resolved": "https://registry.npmjs.org/to-vfile/-/to-vfile-2.1.2.tgz",
      "integrity": "sha512-o8o2CXU2LDxh4OsvG9bGRXkIhcvk+bWKqWQECLcjfMNy2b8rl4kuFAZeTcPM5obK1mrvQ4iS3AcdopFDluq1jQ==",
      "requires": {
        "is-buffer": "1.1.5",
        "vfile": "2.2.0"
      }
    },
    "trough": {
      "version": "1.0.1",
      "resolved": "https://registry.npmjs.org/trough/-/trough-1.0.1.tgz",
      "integrity": "sha1-qf2LA5Swro//guBjOgo2zK1bX4Y="
    },
    "unist-util-stringify-position": {
      "version": "1.1.1",
      "resolved": "https://registry.npmjs.org/unist-util-stringify-position/-/unist-util-stringify-position-1.1.1.tgz",
      "integrity": "sha1-PMvcU2ee7W7PN3fdf14yKcG2qjw="
    },
    "vfile": {
      "version": "2.2.0",
      "resolved": "https://registry.npmjs.org/vfile/-/vfile-2.2.0.tgz",
      "integrity": "sha1-zkek+zNZIrIz5TXbD32BIdj87U4=",
      "requires": {
        "is-buffer": "1.1.5",
        "replace-ext": "1.0.0",
        "unist-util-stringify-position": "1.1.1"
      }
    },
    "walk": {
      "version": "2.3.9",
      "resolved": "https://registry.npmjs.org/walk/-/walk-2.3.9.tgz",
      "integrity": "sha1-MbTbZnjyrgHDnqn7hyWpAx5Vins=",
      "requires": {
        "foreachasync": "3.0.0"
      }
    }
  }
}
